
Microsoft Visual Studio Solution File, Format Version 12.00
# Visual Studio Version 16
VisualStudioVersion = 16.0.30611.23
MinimumVisualStudioVersion = 10.0.40219.1
Project("{8BC9CEB8-8B4A-11D0-8D11-00A0C91BC942}") = "Kontrol Work", "Kontrol Work\Kontrol Work.vcxproj", "{780DF485-C564-429D-B869-1682FD76F485}"
EndProject
Global
	GlobalSection(SolutionConfigurationPlatforms) = preSolution
		Debug|x64 = Debug|x64
		Debug|x86 = Debug|x86
		Release|x64 = Release|x64
		Release|x86 = Release|x86
	EndGlobalSection
	GlobalSection(ProjectConfigurationPlatforms) = postSolution
		{780DF485-C564-429D-B869-1682FD76F485}.Debug|x64.ActiveCfg = Debug|x64
		{780DF485-C564-429D-B869-1682FD76F485}.Debug|x64.Build.0 = Debug|x64
		{780DF485-C564-429D-B869-1682FD76F485}.Debug|x86.ActiveCfg = Debug|Win32
		{780DF485-C564-429D-B869-1682FD76F485}.Debug|x86.Build.0 = Debug|Win32
		{780DF485-C564-429D-B869-1682FD76F485}.Release|x64.ActiveCfg = Release|x64
		{780DF485-C564-429D-B869-1682FD76F485}.Release|x64.Build.0 = Release|x64
		{780DF485-C564-429D-B869-1682FD76F485}.Release|x86.ActiveCfg = Release|Win32
		{780DF485-C564-429D-B869-1682FD76F485}.Release|x86.Build.0 = Release|Win32
	EndGlobalSection
	GlobalSection(SolutionProperties) = preSolution
		HideSolutionNode = FALSE
	EndGlobalSection
	GlobalSection(ExtensibilityGlobals) = postSolution
		SolutionGuid = {0B77678A-1ECA-4244-B18E-45A1C74D5441}
	EndGlobalSection
EndGlobal
